
Microsoft Visual Studio Solution File, Format Version 12.00
# Visual Studio Version 17
VisualStudioVersion = 17.6.33723.286
MinimumVisualStudioVersion = 10.0.40219.1
Project("{FAE04EC0-301F-11D3-BF4B-00C04F79EFBC}") = "NathanLinsleyDotCom", "NathanLinsleyDotCom\NathanLinsleyDotCom.csproj", "{537AA7C3-86F8-4344-AA63-0231373F97D0}"
EndProject
Global
	GlobalSection(SolutionConfigurationPlatforms) = preSolution
		Debug|Any CPU = Debug|Any CPU
		Release|Any CPU = Release|Any CPU
	EndGlobalSection
	GlobalSection(ProjectConfigurationPlatforms) = postSolution
		{537AA7C3-86F8-4344-AA63-0231373F97D0}.Debug|Any CPU.ActiveCfg = Debug|Any CPU
		{537AA7C3-86F8-4344-AA63-0231373F97D0}.Debug|Any CPU.Build.0 = Debug|Any CPU
		{537AA7C3-86F8-4344-AA63-0231373F97D0}.Release|Any CPU.ActiveCfg = Release|Any CPU
		{537AA7C3-86F8-4344-AA63-0231373F97D0}.Release|Any CPU.Build.0 = Release|Any CPU
	EndGlobalSection
	GlobalSection(SolutionProperties) = preSolution
		HideSolutionNode = FALSE
	EndGlobalSection
	GlobalSection(ExtensibilityGlobals) = postSolution
		SolutionGuid = {332CD5DE-F752-4C66-9D88-BBE6143CD865}
	EndGlobalSection
EndGlobal
